{
  "version": 2,
  "dependencies": {
    ".NETFramework,Version=v4.8": {
      "mydmsvn.contracts": {
        "type": "Project"
      },
      "mydmsvn.desktop.application": {
        "type": "Project",
        "dependencies": {
          "MyDmsVn.Contracts": "[1.0.0, )"
        }
      },
      "mydmsvn.server.application": {
        "type": "Project",
        "dependencies": {
          "MyDmsVn.Contracts": "[1.0.0, )",
          "MyDmsVn.Server.Domain": "[1.0.0, )"
        }
      },
      "mydmsvn.server.domain": {
        "type": "Project",
        "dependencies": {
          "MyDmsVn.SharedKernel": "[1.0.0, )"
        }
      },
      "mydmsvn.sharedkernel": {
        "type": "Project"
      }
    },
    "net8.0": {
      "mydmsvn.contracts": {
        "type": "Project"
      },
      "mydmsvn.desktop.application": {
        "type": "Project",
        "dependencies": {
          "MyDmsVn.Contracts": "[1.0.0, )"
        }
      },
      "mydmsvn.server.application": {
        "type": "Project",
        "dependencies": {
          "MyDmsVn.Contracts": "[1.0.0, )",
          "MyDmsVn.Server.Domain": "[1.0.0, )"
        }
      },
      "mydmsvn.server.domain": {
        "type": "Project",
        "dependencies": {
          "MyDmsVn.SharedKernel": "[1.0.0, )"
        }
      },
      "mydmsvn.sharedkernel": {
        "type": "Project"
      }
    }
  }
}